
Microsoft Visual Studio Solution File, Format Version 12.00
# Visual Studio Version 16
VisualStudioVersion = 16.0.32106.194
MinimumVisualStudioVersion = 10.0.40219.1
Project("{FAE04EC0-301F-11D3-BF4B-00C04F79EFBC}") = "61. Rotate List", "61. Rotate List.csproj", "{2DED1B70-FB09-4501-B1B4-9C86232DBBBD}"
EndProject
Global
	GlobalSection(SolutionConfigurationPlatforms) = preSolution
		Debug|Any CPU = Debug|Any CPU
		Release|Any CPU = Release|Any CPU
	EndGlobalSection
	GlobalSection(ProjectConfigurationPlatforms) = postSolution
		{2DED1B70-FB09-4501-B1B4-9C86232DBBBD}.Debug|Any CPU.ActiveCfg = Debug|Any CPU
		{2DED1B70-FB09-4501-B1B4-9C86232DBBBD}.Debug|Any CPU.Build.0 = Debug|Any CPU
		{2DED1B70-FB09-4501-B1B4-9C86232DBBBD}.Release|Any CPU.ActiveCfg = Release|Any CPU
		{2DED1B70-FB09-4501-B1B4-9C86232DBBBD}.Release|Any CPU.Build.0 = Release|Any CPU
	EndGlobalSection
	GlobalSection(SolutionProperties) = preSolution
		HideSolutionNode = FALSE
	EndGlobalSection
	GlobalSection(ExtensibilityGlobals) = postSolution
		SolutionGuid = {4101953B-D0DA-4356-95C8-A0D0394982C4}
	EndGlobalSection
EndGlobal
