
Microsoft Visual Studio Solution File, Format Version 12.00
# Visual Studio Version 16
VisualStudioVersion = 16.0.30523.141
MinimumVisualStudioVersion = 10.0.40219.1
Project("{FAE04EC0-301F-11D3-BF4B-00C04F79EFBC}") = "CreateTargetArray", "CreateTargetArray\CreateTargetArray.csproj", "{AA6104F6-BC4E-401A-8005-4DD61D2D3500}"
EndProject
Global
	GlobalSection(SolutionConfigurationPlatforms) = preSolution
		Debug|Any CPU = Debug|Any CPU
		Release|Any CPU = Release|Any CPU
	EndGlobalSection
	GlobalSection(ProjectConfigurationPlatforms) = postSolution
		{AA6104F6-BC4E-401A-8005-4DD61D2D3500}.Debug|Any CPU.ActiveCfg = Debug|Any CPU
		{AA6104F6-BC4E-401A-8005-4DD61D2D3500}.Debug|Any CPU.Build.0 = Debug|Any CPU
		{AA6104F6-BC4E-401A-8005-4DD61D2D3500}.Release|Any CPU.ActiveCfg = Release|Any CPU
		{AA6104F6-BC4E-401A-8005-4DD61D2D3500}.Release|Any CPU.Build.0 = Release|Any CPU
	EndGlobalSection
	GlobalSection(SolutionProperties) = preSolution
		HideSolutionNode = FALSE
	EndGlobalSection
	GlobalSection(ExtensibilityGlobals) = postSolution
		SolutionGuid = {7E8AE915-6FAC-4E23-8BF1-D6DB6338AB8A}
	EndGlobalSection
EndGlobal
