
Microsoft Visual Studio Solution File, Format Version 12.00
# Visual Studio Version 16
VisualStudioVersion = 16.0.32228.343
MinimumVisualStudioVersion = 10.0.40219.1
Project("{FAE04EC0-301F-11D3-BF4B-00C04F79EFBC}") = "1710. Maximum Units on a Truck", "1710. Maximum Units on a Truck.csproj", "{99C359E9-FC20-42B0-95B6-2641518DBEBC}"
EndProject
Global
	GlobalSection(SolutionConfigurationPlatforms) = preSolution
		Debug|Any CPU = Debug|Any CPU
		Release|Any CPU = Release|Any CPU
	EndGlobalSection
	GlobalSection(ProjectConfigurationPlatforms) = postSolution
		{99C359E9-FC20-42B0-95B6-2641518DBEBC}.Debug|Any CPU.ActiveCfg = Debug|Any CPU
		{99C359E9-FC20-42B0-95B6-2641518DBEBC}.Debug|Any CPU.Build.0 = Debug|Any CPU
		{99C359E9-FC20-42B0-95B6-2641518DBEBC}.Release|Any CPU.ActiveCfg = Release|Any CPU
		{99C359E9-FC20-42B0-95B6-2641518DBEBC}.Release|Any CPU.Build.0 = Release|Any CPU
	EndGlobalSection
	GlobalSection(SolutionProperties) = preSolution
		HideSolutionNode = FALSE
	EndGlobalSection
	GlobalSection(ExtensibilityGlobals) = postSolution
		SolutionGuid = {3020ACBE-B813-4C55-8914-AF2B8D34B1B6}
	EndGlobalSection
EndGlobal
