
Microsoft Visual Studio Solution File, Format Version 12.00
# Visual Studio Version 16
VisualStudioVersion = 16.0.31402.337
MinimumVisualStudioVersion = 10.0.40219.1
Project("{FAE04EC0-301F-11D3-BF4B-00C04F79EFBC}") = "1413. Minimum Value to Get Positive Step by Step Sum", "1413. Minimum Value to Get Positive Step by Step Sum\1413. Minimum Value to Get Positive Step by Step Sum.csproj", "{8281CEA3-E414-4054-B30B-59C2C4E07FAE}"
EndProject
Global
	GlobalSection(SolutionConfigurationPlatforms) = preSolution
		Debug|Any CPU = Debug|Any CPU
		Release|Any CPU = Release|Any CPU
	EndGlobalSection
	GlobalSection(ProjectConfigurationPlatforms) = postSolution
		{8281CEA3-E414-4054-B30B-59C2C4E07FAE}.Debug|Any CPU.ActiveCfg = Debug|Any CPU
		{8281CEA3-E414-4054-B30B-59C2C4E07FAE}.Debug|Any CPU.Build.0 = Debug|Any CPU
		{8281CEA3-E414-4054-B30B-59C2C4E07FAE}.Release|Any CPU.ActiveCfg = Release|Any CPU
		{8281CEA3-E414-4054-B30B-59C2C4E07FAE}.Release|Any CPU.Build.0 = Release|Any CPU
	EndGlobalSection
	GlobalSection(SolutionProperties) = preSolution
		HideSolutionNode = FALSE
	EndGlobalSection
	GlobalSection(ExtensibilityGlobals) = postSolution
		SolutionGuid = {C2295F23-E9A7-4ABC-93F4-29E716C8EABC}
	EndGlobalSection
EndGlobal
