
Microsoft Visual Studio Solution File, Format Version 12.00
# Visual Studio Version 16
VisualStudioVersion = 16.0.31402.337
MinimumVisualStudioVersion = 10.0.40219.1
Project("{FAE04EC0-301F-11D3-BF4B-00C04F79EFBC}") = "1200. Minimum Absolute Difference", "1200. Minimum Absolute Difference\1200. Minimum Absolute Difference.csproj", "{53D6046E-65A9-4791-9ACE-93BE9B584B23}"
EndProject
Global
	GlobalSection(SolutionConfigurationPlatforms) = preSolution
		Debug|Any CPU = Debug|Any CPU
		Release|Any CPU = Release|Any CPU
	EndGlobalSection
	GlobalSection(ProjectConfigurationPlatforms) = postSolution
		{53D6046E-65A9-4791-9ACE-93BE9B584B23}.Debug|Any CPU.ActiveCfg = Debug|Any CPU
		{53D6046E-65A9-4791-9ACE-93BE9B584B23}.Debug|Any CPU.Build.0 = Debug|Any CPU
		{53D6046E-65A9-4791-9ACE-93BE9B584B23}.Release|Any CPU.ActiveCfg = Release|Any CPU
		{53D6046E-65A9-4791-9ACE-93BE9B584B23}.Release|Any CPU.Build.0 = Release|Any CPU
	EndGlobalSection
	GlobalSection(SolutionProperties) = preSolution
		HideSolutionNode = FALSE
	EndGlobalSection
	GlobalSection(ExtensibilityGlobals) = postSolution
		SolutionGuid = {00A10E01-CD3D-4BBF-9501-7D383A433B82}
	EndGlobalSection
EndGlobal
