
Microsoft Visual Studio Solution File, Format Version 12.00
# Visual Studio Version 17
VisualStudioVersion = 17.2.32526.322
MinimumVisualStudioVersion = 10.0.40219.1
Project("{FAE04EC0-301F-11D3-BF4B-00C04F79EFBC}") = "1048. Longest String Chain", "1048. Longest String Chain\1048. Longest String Chain.csproj", "{740B6625-F588-4B54-A7D8-2BAEB4E32980}"
EndProject
Global
	GlobalSection(SolutionConfigurationPlatforms) = preSolution
		Debug|Any CPU = Debug|Any CPU
		Release|Any CPU = Release|Any CPU
	EndGlobalSection
	GlobalSection(ProjectConfigurationPlatforms) = postSolution
		{740B6625-F588-4B54-A7D8-2BAEB4E32980}.Debug|Any CPU.ActiveCfg = Debug|Any CPU
		{740B6625-F588-4B54-A7D8-2BAEB4E32980}.Debug|Any CPU.Build.0 = Debug|Any CPU
		{740B6625-F588-4B54-A7D8-2BAEB4E32980}.Release|Any CPU.ActiveCfg = Release|Any CPU
		{740B6625-F588-4B54-A7D8-2BAEB4E32980}.Release|Any CPU.Build.0 = Release|Any CPU
	EndGlobalSection
	GlobalSection(SolutionProperties) = preSolution
		HideSolutionNode = FALSE
	EndGlobalSection
	GlobalSection(ExtensibilityGlobals) = postSolution
		SolutionGuid = {EB5A6850-ADB3-43A4-883B-B571ADEC680E}
	EndGlobalSection
EndGlobal
