
Microsoft Visual Studio Solution File, Format Version 12.00
# Visual Studio Version 17
VisualStudioVersion = 17.4.33110.190
MinimumVisualStudioVersion = 10.0.40219.1
Project("{FAE04EC0-301F-11D3-BF4B-00C04F79EFBC}") = "904. Fruit Into Baskets", "904. Fruit Into Baskets.csproj", "{FA0C9D05-F41B-413C-B5B9-149CBA569540}"
EndProject
Global
	GlobalSection(SolutionConfigurationPlatforms) = preSolution
		Debug|Any CPU = Debug|Any CPU
		Release|Any CPU = Release|Any CPU
	EndGlobalSection
	GlobalSection(ProjectConfigurationPlatforms) = postSolution
		{FA0C9D05-F41B-413C-B5B9-149CBA569540}.Debug|Any CPU.ActiveCfg = Debug|Any CPU
		{FA0C9D05-F41B-413C-B5B9-149CBA569540}.Debug|Any CPU.Build.0 = Debug|Any CPU
		{FA0C9D05-F41B-413C-B5B9-149CBA569540}.Release|Any CPU.ActiveCfg = Release|Any CPU
		{FA0C9D05-F41B-413C-B5B9-149CBA569540}.Release|Any CPU.Build.0 = Release|Any CPU
	EndGlobalSection
	GlobalSection(SolutionProperties) = preSolution
		HideSolutionNode = FALSE
	EndGlobalSection
	GlobalSection(ExtensibilityGlobals) = postSolution
		SolutionGuid = {37309AC8-EECE-4FD3-9CB4-3CAC904BB0F3}
	EndGlobalSection
EndGlobal
