
Microsoft Visual Studio Solution File, Format Version 12.00
# Visual Studio Version 17
VisualStudioVersion = 17.9.34622.214
MinimumVisualStudioVersion = 10.0.40219.1
Project("{FAE04EC0-301F-11D3-BF4B-00C04F79EFBC}") = "2331. Evaluate Boolean Binary Tree", "2331. Evaluate Boolean Binary Tree\2331. Evaluate Boolean Binary Tree.csproj", "{4D7DB7BC-99FE-478E-B855-03A89B479D2F}"
EndProject
Global
	GlobalSection(SolutionConfigurationPlatforms) = preSolution
		Debug|Any CPU = Debug|Any CPU
		Release|Any CPU = Release|Any CPU
	EndGlobalSection
	GlobalSection(ProjectConfigurationPlatforms) = postSolution
		{4D7DB7BC-99FE-478E-B855-03A89B479D2F}.Debug|Any CPU.ActiveCfg = Debug|Any CPU
		{4D7DB7BC-99FE-478E-B855-03A89B479D2F}.Debug|Any CPU.Build.0 = Debug|Any CPU
		{4D7DB7BC-99FE-478E-B855-03A89B479D2F}.Release|Any CPU.ActiveCfg = Release|Any CPU
		{4D7DB7BC-99FE-478E-B855-03A89B479D2F}.Release|Any CPU.Build.0 = Release|Any CPU
	EndGlobalSection
	GlobalSection(SolutionProperties) = preSolution
		HideSolutionNode = FALSE
	EndGlobalSection
	GlobalSection(ExtensibilityGlobals) = postSolution
		SolutionGuid = {259D4E61-3E96-4B0F-A111-C32C3D388A75}
	EndGlobalSection
EndGlobal
