
Microsoft Visual Studio Solution File, Format Version 12.00
# Visual Studio Version 16
VisualStudioVersion = 16.0.32106.194
MinimumVisualStudioVersion = 10.0.40219.1
Project("{FAE04EC0-301F-11D3-BF4B-00C04F79EFBC}") = "938. Range Sum of BST", "938. Range Sum of BST.csproj", "{16274976-6041-43AE-870A-221BC3C09858}"
EndProject
Global
	GlobalSection(SolutionConfigurationPlatforms) = preSolution
		Debug|Any CPU = Debug|Any CPU
		Release|Any CPU = Release|Any CPU
	EndGlobalSection
	GlobalSection(ProjectConfigurationPlatforms) = postSolution
		{16274976-6041-43AE-870A-221BC3C09858}.Debug|Any CPU.ActiveCfg = Debug|Any CPU
		{16274976-6041-43AE-870A-221BC3C09858}.Debug|Any CPU.Build.0 = Debug|Any CPU
		{16274976-6041-43AE-870A-221BC3C09858}.Release|Any CPU.ActiveCfg = Release|Any CPU
		{16274976-6041-43AE-870A-221BC3C09858}.Release|Any CPU.Build.0 = Release|Any CPU
	EndGlobalSection
	GlobalSection(SolutionProperties) = preSolution
		HideSolutionNode = FALSE
	EndGlobalSection
	GlobalSection(ExtensibilityGlobals) = postSolution
		SolutionGuid = {C21C3C60-39A5-46BC-9277-760196168F6D}
	EndGlobalSection
EndGlobal
