
Microsoft Visual Studio Solution File, Format Version 12.00
# Visual Studio Version 17
VisualStudioVersion = 17.2.32505.173
MinimumVisualStudioVersion = 10.0.40219.1
Project("{FAE04EC0-301F-11D3-BF4B-00C04F79EFBC}") = "1379. Find a Corresponding Node", "1379. Find a Corresponding Node\1379. Find a Corresponding Node.csproj", "{577FFBB4-8623-45D8-A4E8-0BC7BFA840A1}"
EndProject
Global
	GlobalSection(SolutionConfigurationPlatforms) = preSolution
		Debug|Any CPU = Debug|Any CPU
		Release|Any CPU = Release|Any CPU
	EndGlobalSection
	GlobalSection(ProjectConfigurationPlatforms) = postSolution
		{577FFBB4-8623-45D8-A4E8-0BC7BFA840A1}.Debug|Any CPU.ActiveCfg = Debug|Any CPU
		{577FFBB4-8623-45D8-A4E8-0BC7BFA840A1}.Debug|Any CPU.Build.0 = Debug|Any CPU
		{577FFBB4-8623-45D8-A4E8-0BC7BFA840A1}.Release|Any CPU.ActiveCfg = Release|Any CPU
		{577FFBB4-8623-45D8-A4E8-0BC7BFA840A1}.Release|Any CPU.Build.0 = Release|Any CPU
	EndGlobalSection
	GlobalSection(SolutionProperties) = preSolution
		HideSolutionNode = FALSE
	EndGlobalSection
	GlobalSection(ExtensibilityGlobals) = postSolution
		SolutionGuid = {43473BE4-3BF8-4E03-A066-FDC5F89EAD75}
	EndGlobalSection
EndGlobal
