
Microsoft Visual Studio Solution File, Format Version 12.00
# Visual Studio Version 16
VisualStudioVersion = 16.0.31105.61
MinimumVisualStudioVersion = 10.0.40219.1
Project("{FAE04EC0-301F-11D3-BF4B-00C04F79EFBC}") = "LinkedList Add Two Numbers", "LinkedList Add Two Numbers\LinkedList Add Two Numbers.csproj", "{38F110CE-A219-4340-BE60-3F61C6045909}"
EndProject
Global
	GlobalSection(SolutionConfigurationPlatforms) = preSolution
		Debug|Any CPU = Debug|Any CPU
		Release|Any CPU = Release|Any CPU
	EndGlobalSection
	GlobalSection(ProjectConfigurationPlatforms) = postSolution
		{38F110CE-A219-4340-BE60-3F61C6045909}.Debug|Any CPU.ActiveCfg = Debug|Any CPU
		{38F110CE-A219-4340-BE60-3F61C6045909}.Debug|Any CPU.Build.0 = Debug|Any CPU
		{38F110CE-A219-4340-BE60-3F61C6045909}.Release|Any CPU.ActiveCfg = Release|Any CPU
		{38F110CE-A219-4340-BE60-3F61C6045909}.Release|Any CPU.Build.0 = Release|Any CPU
	EndGlobalSection
	GlobalSection(SolutionProperties) = preSolution
		HideSolutionNode = FALSE
	EndGlobalSection
	GlobalSection(ExtensibilityGlobals) = postSolution
		SolutionGuid = {D348FA96-F971-4B00-ADE0-3ACD2BF7C88C}
	EndGlobalSection
EndGlobal
