
Microsoft Visual Studio Solution File, Format Version 12.00
# Visual Studio Version 16
VisualStudioVersion = 16.0.31402.337
MinimumVisualStudioVersion = 10.0.40219.1
Project("{FAE04EC0-301F-11D3-BF4B-00C04F79EFBC}") = "701. Insert into a Binary Search Tree", "701. Insert into a Binary Search Tree.csproj", "{66B75A88-4EB2-4EEE-98B4-9809747B197A}"
EndProject
Global
	GlobalSection(SolutionConfigurationPlatforms) = preSolution
		Debug|Any CPU = Debug|Any CPU
		Release|Any CPU = Release|Any CPU
	EndGlobalSection
	GlobalSection(ProjectConfigurationPlatforms) = postSolution
		{66B75A88-4EB2-4EEE-98B4-9809747B197A}.Debug|Any CPU.ActiveCfg = Debug|Any CPU
		{66B75A88-4EB2-4EEE-98B4-9809747B197A}.Debug|Any CPU.Build.0 = Debug|Any CPU
		{66B75A88-4EB2-4EEE-98B4-9809747B197A}.Release|Any CPU.ActiveCfg = Release|Any CPU
		{66B75A88-4EB2-4EEE-98B4-9809747B197A}.Release|Any CPU.Build.0 = Release|Any CPU
	EndGlobalSection
	GlobalSection(SolutionProperties) = preSolution
		HideSolutionNode = FALSE
	EndGlobalSection
	GlobalSection(ExtensibilityGlobals) = postSolution
		SolutionGuid = {5CF0F2E8-012E-4EA3-BC82-2FFF0C0E5EC1}
	EndGlobalSection
EndGlobal
