
Microsoft Visual Studio Solution File, Format Version 12.00
# Visual Studio Version 17
VisualStudioVersion = 17.2.32526.322
MinimumVisualStudioVersion = 10.0.40219.1
Project("{FAE04EC0-301F-11D3-BF4B-00C04F79EFBC}") = "1647. Minimum Deletions", "1647. Minimum Deletions\1647. Minimum Deletions.csproj", "{E9D537A8-EF0F-4734-BD8A-4BED496E2AA6}"
EndProject
Global
	GlobalSection(SolutionConfigurationPlatforms) = preSolution
		Debug|Any CPU = Debug|Any CPU
		Release|Any CPU = Release|Any CPU
	EndGlobalSection
	GlobalSection(ProjectConfigurationPlatforms) = postSolution
		{E9D537A8-EF0F-4734-BD8A-4BED496E2AA6}.Debug|Any CPU.ActiveCfg = Debug|Any CPU
		{E9D537A8-EF0F-4734-BD8A-4BED496E2AA6}.Debug|Any CPU.Build.0 = Debug|Any CPU
		{E9D537A8-EF0F-4734-BD8A-4BED496E2AA6}.Release|Any CPU.ActiveCfg = Release|Any CPU
		{E9D537A8-EF0F-4734-BD8A-4BED496E2AA6}.Release|Any CPU.Build.0 = Release|Any CPU
	EndGlobalSection
	GlobalSection(SolutionProperties) = preSolution
		HideSolutionNode = FALSE
	EndGlobalSection
	GlobalSection(ExtensibilityGlobals) = postSolution
		SolutionGuid = {72A7BDE0-9F0B-49CF-850F-5D59B322857D}
	EndGlobalSection
EndGlobal
