
Microsoft Visual Studio Solution File, Format Version 12.00
# Visual Studio Version 16
VisualStudioVersion = 16.0.32106.194
MinimumVisualStudioVersion = 10.0.40219.1
Project("{FAE04EC0-301F-11D3-BF4B-00C04F79EFBC}") = "165. Compare Version Numbers", "165. Compare Version Numbers.csproj", "{13CF5F0F-671F-4346-8A46-818229D4028C}"
EndProject
Global
	GlobalSection(SolutionConfigurationPlatforms) = preSolution
		Debug|Any CPU = Debug|Any CPU
		Release|Any CPU = Release|Any CPU
	EndGlobalSection
	GlobalSection(ProjectConfigurationPlatforms) = postSolution
		{13CF5F0F-671F-4346-8A46-818229D4028C}.Debug|Any CPU.ActiveCfg = Debug|Any CPU
		{13CF5F0F-671F-4346-8A46-818229D4028C}.Debug|Any CPU.Build.0 = Debug|Any CPU
		{13CF5F0F-671F-4346-8A46-818229D4028C}.Release|Any CPU.ActiveCfg = Release|Any CPU
		{13CF5F0F-671F-4346-8A46-818229D4028C}.Release|Any CPU.Build.0 = Release|Any CPU
	EndGlobalSection
	GlobalSection(SolutionProperties) = preSolution
		HideSolutionNode = FALSE
	EndGlobalSection
	GlobalSection(ExtensibilityGlobals) = postSolution
		SolutionGuid = {4409F438-4D69-4D95-8A93-0840CCD4D0AE}
	EndGlobalSection
EndGlobal
