
Microsoft Visual Studio Solution File, Format Version 12.00
# Visual Studio Version 16
VisualStudioVersion = 16.0.31019.35
MinimumVisualStudioVersion = 10.0.40219.1
Project("{FAE04EC0-301F-11D3-BF4B-00C04F79EFBC}") = "DistributeCandy", "DistributeCandy\DistributeCandy.csproj", "{901773F0-4F31-4C40-87D5-B67FBCDC4765}"
EndProject
Global
	GlobalSection(SolutionConfigurationPlatforms) = preSolution
		Debug|Any CPU = Debug|Any CPU
		Release|Any CPU = Release|Any CPU
	EndGlobalSection
	GlobalSection(ProjectConfigurationPlatforms) = postSolution
		{901773F0-4F31-4C40-87D5-B67FBCDC4765}.Debug|Any CPU.ActiveCfg = Debug|Any CPU
		{901773F0-4F31-4C40-87D5-B67FBCDC4765}.Debug|Any CPU.Build.0 = Debug|Any CPU
		{901773F0-4F31-4C40-87D5-B67FBCDC4765}.Release|Any CPU.ActiveCfg = Release|Any CPU
		{901773F0-4F31-4C40-87D5-B67FBCDC4765}.Release|Any CPU.Build.0 = Release|Any CPU
	EndGlobalSection
	GlobalSection(SolutionProperties) = preSolution
		HideSolutionNode = FALSE
	EndGlobalSection
	GlobalSection(ExtensibilityGlobals) = postSolution
		SolutionGuid = {610C256C-EE94-4399-868C-F1FDC047A975}
	EndGlobalSection
EndGlobal
