
Microsoft Visual Studio Solution File, Format Version 12.00
# Visual Studio Version 16
VisualStudioVersion = 16.0.31402.337
MinimumVisualStudioVersion = 10.0.40219.1
Project("{FAE04EC0-301F-11D3-BF4B-00C04F79EFBC}") = "563. Binary Tree Tilt", "563. Binary Tree Tilt\563. Binary Tree Tilt.csproj", "{5823F468-5488-4570-BEEC-341521AB253E}"
EndProject
Global
	GlobalSection(SolutionConfigurationPlatforms) = preSolution
		Debug|Any CPU = Debug|Any CPU
		Release|Any CPU = Release|Any CPU
	EndGlobalSection
	GlobalSection(ProjectConfigurationPlatforms) = postSolution
		{5823F468-5488-4570-BEEC-341521AB253E}.Debug|Any CPU.ActiveCfg = Debug|Any CPU
		{5823F468-5488-4570-BEEC-341521AB253E}.Debug|Any CPU.Build.0 = Debug|Any CPU
		{5823F468-5488-4570-BEEC-341521AB253E}.Release|Any CPU.ActiveCfg = Release|Any CPU
		{5823F468-5488-4570-BEEC-341521AB253E}.Release|Any CPU.Build.0 = Release|Any CPU
	EndGlobalSection
	GlobalSection(SolutionProperties) = preSolution
		HideSolutionNode = FALSE
	EndGlobalSection
	GlobalSection(ExtensibilityGlobals) = postSolution
		SolutionGuid = {4D76DBDE-133D-4AA8-A121-BA46D8335E5E}
	EndGlobalSection
EndGlobal
