
Microsoft Visual Studio Solution File, Format Version 12.00
# Visual Studio Version 16
VisualStudioVersion = 16.0.32106.194
MinimumVisualStudioVersion = 10.0.40219.1
Project("{FAE04EC0-301F-11D3-BF4B-00C04F79EFBC}") = "228. Summary Ranges", "228. Summary Ranges.csproj", "{78822BAC-678B-45DB-96ED-3EF36A9D8010}"
EndProject
Global
	GlobalSection(SolutionConfigurationPlatforms) = preSolution
		Debug|Any CPU = Debug|Any CPU
		Release|Any CPU = Release|Any CPU
	EndGlobalSection
	GlobalSection(ProjectConfigurationPlatforms) = postSolution
		{78822BAC-678B-45DB-96ED-3EF36A9D8010}.Debug|Any CPU.ActiveCfg = Debug|Any CPU
		{78822BAC-678B-45DB-96ED-3EF36A9D8010}.Debug|Any CPU.Build.0 = Debug|Any CPU
		{78822BAC-678B-45DB-96ED-3EF36A9D8010}.Release|Any CPU.ActiveCfg = Release|Any CPU
		{78822BAC-678B-45DB-96ED-3EF36A9D8010}.Release|Any CPU.Build.0 = Release|Any CPU
	EndGlobalSection
	GlobalSection(SolutionProperties) = preSolution
		HideSolutionNode = FALSE
	EndGlobalSection
	GlobalSection(ExtensibilityGlobals) = postSolution
		SolutionGuid = {2AA68B2D-1E60-4D90-8F24-475BD176C324}
	EndGlobalSection
EndGlobal
