
Microsoft Visual Studio Solution File, Format Version 12.00
# Visual Studio Version 16
VisualStudioVersion = 16.0.31402.337
MinimumVisualStudioVersion = 10.0.40219.1
Project("{FAE04EC0-301F-11D3-BF4B-00C04F79EFBC}") = "540. Single Element in a Sorted Array", "540. Single Element in a Sorted Array\540. Single Element in a Sorted Array.csproj", "{B12E32DE-E9B2-4382-86CD-DCAD42C98FE2}"
EndProject
Global
	GlobalSection(SolutionConfigurationPlatforms) = preSolution
		Debug|Any CPU = Debug|Any CPU
		Release|Any CPU = Release|Any CPU
	EndGlobalSection
	GlobalSection(ProjectConfigurationPlatforms) = postSolution
		{B12E32DE-E9B2-4382-86CD-DCAD42C98FE2}.Debug|Any CPU.ActiveCfg = Debug|Any CPU
		{B12E32DE-E9B2-4382-86CD-DCAD42C98FE2}.Debug|Any CPU.Build.0 = Debug|Any CPU
		{B12E32DE-E9B2-4382-86CD-DCAD42C98FE2}.Release|Any CPU.ActiveCfg = Release|Any CPU
		{B12E32DE-E9B2-4382-86CD-DCAD42C98FE2}.Release|Any CPU.Build.0 = Release|Any CPU
	EndGlobalSection
	GlobalSection(SolutionProperties) = preSolution
		HideSolutionNode = FALSE
	EndGlobalSection
	GlobalSection(ExtensibilityGlobals) = postSolution
		SolutionGuid = {E3FDE0B1-F010-4108-952A-1F0B07FE9F0D}
	EndGlobalSection
EndGlobal
