
Microsoft Visual Studio Solution File, Format Version 12.00
# Visual Studio Version 17
VisualStudioVersion = 17.4.33403.182
MinimumVisualStudioVersion = 10.0.40219.1
Project("{FAE04EC0-301F-11D3-BF4B-00C04F79EFBC}") = "983. Minimum Cost For Tickets", "983. Minimum Cost For Tickets.csproj", "{56545D96-6F53-4A37-8D9C-053DA163EB39}"
EndProject
Global
	GlobalSection(SolutionConfigurationPlatforms) = preSolution
		Debug|Any CPU = Debug|Any CPU
		Release|Any CPU = Release|Any CPU
	EndGlobalSection
	GlobalSection(ProjectConfigurationPlatforms) = postSolution
		{56545D96-6F53-4A37-8D9C-053DA163EB39}.Debug|Any CPU.ActiveCfg = Debug|Any CPU
		{56545D96-6F53-4A37-8D9C-053DA163EB39}.Debug|Any CPU.Build.0 = Debug|Any CPU
		{56545D96-6F53-4A37-8D9C-053DA163EB39}.Release|Any CPU.ActiveCfg = Release|Any CPU
		{56545D96-6F53-4A37-8D9C-053DA163EB39}.Release|Any CPU.Build.0 = Release|Any CPU
	EndGlobalSection
	GlobalSection(SolutionProperties) = preSolution
		HideSolutionNode = FALSE
	EndGlobalSection
	GlobalSection(ExtensibilityGlobals) = postSolution
		SolutionGuid = {D01274B9-CD56-41B8-8720-A823D5082F32}
	EndGlobalSection
EndGlobal
