
Microsoft Visual Studio Solution File, Format Version 12.00
# Visual Studio Version 16
VisualStudioVersion = 16.0.31402.337
MinimumVisualStudioVersion = 10.0.40219.1
Project("{FAE04EC0-301F-11D3-BF4B-00C04F79EFBC}") = "227. Basic Calculator II", "227. Basic Calculator II\227. Basic Calculator II.csproj", "{11DA53A7-278A-47A7-AC11-94C77DF9DAD4}"
EndProject
Global
	GlobalSection(SolutionConfigurationPlatforms) = preSolution
		Debug|Any CPU = Debug|Any CPU
		Release|Any CPU = Release|Any CPU
	EndGlobalSection
	GlobalSection(ProjectConfigurationPlatforms) = postSolution
		{11DA53A7-278A-47A7-AC11-94C77DF9DAD4}.Debug|Any CPU.ActiveCfg = Debug|Any CPU
		{11DA53A7-278A-47A7-AC11-94C77DF9DAD4}.Debug|Any CPU.Build.0 = Debug|Any CPU
		{11DA53A7-278A-47A7-AC11-94C77DF9DAD4}.Release|Any CPU.ActiveCfg = Release|Any CPU
		{11DA53A7-278A-47A7-AC11-94C77DF9DAD4}.Release|Any CPU.Build.0 = Release|Any CPU
	EndGlobalSection
	GlobalSection(SolutionProperties) = preSolution
		HideSolutionNode = FALSE
	EndGlobalSection
	GlobalSection(ExtensibilityGlobals) = postSolution
		SolutionGuid = {8C69AB92-3612-471E-B180-26247DB0CC56}
	EndGlobalSection
EndGlobal
