
Microsoft Visual Studio Solution File, Format Version 12.00
# Visual Studio Version 16
VisualStudioVersion = 16.0.32106.194
MinimumVisualStudioVersion = 10.0.40219.1
Project("{FAE04EC0-301F-11D3-BF4B-00C04F79EFBC}") = "71. Simplify Path", "71. Simplify Path.csproj", "{A81E68E9-5F8B-41B2-948A-5C11AADEED8A}"
EndProject
Global
	GlobalSection(SolutionConfigurationPlatforms) = preSolution
		Debug|Any CPU = Debug|Any CPU
		Release|Any CPU = Release|Any CPU
	EndGlobalSection
	GlobalSection(ProjectConfigurationPlatforms) = postSolution
		{A81E68E9-5F8B-41B2-948A-5C11AADEED8A}.Debug|Any CPU.ActiveCfg = Debug|Any CPU
		{A81E68E9-5F8B-41B2-948A-5C11AADEED8A}.Debug|Any CPU.Build.0 = Debug|Any CPU
		{A81E68E9-5F8B-41B2-948A-5C11AADEED8A}.Release|Any CPU.ActiveCfg = Release|Any CPU
		{A81E68E9-5F8B-41B2-948A-5C11AADEED8A}.Release|Any CPU.Build.0 = Release|Any CPU
	EndGlobalSection
	GlobalSection(SolutionProperties) = preSolution
		HideSolutionNode = FALSE
	EndGlobalSection
	GlobalSection(ExtensibilityGlobals) = postSolution
		SolutionGuid = {94A813CB-3FA9-4F03-B2D0-A67FA1864012}
	EndGlobalSection
EndGlobal
