
Microsoft Visual Studio Solution File, Format Version 12.00
# Visual Studio Version 16
VisualStudioVersion = 16.0.31402.337
MinimumVisualStudioVersion = 10.0.40219.1
Project("{FAE04EC0-301F-11D3-BF4B-00C04F79EFBC}") = "Kth Smallest Element in a Sorted Matrix", "Kth Smallest Element in a Sorted Matrix\Kth Smallest Element in a Sorted Matrix.csproj", "{47CA4490-73E7-4AFB-A4D5-9C7AD26692BC}"
EndProject
Global
	GlobalSection(SolutionConfigurationPlatforms) = preSolution
		Debug|Any CPU = Debug|Any CPU
		Release|Any CPU = Release|Any CPU
	EndGlobalSection
	GlobalSection(ProjectConfigurationPlatforms) = postSolution
		{47CA4490-73E7-4AFB-A4D5-9C7AD26692BC}.Debug|Any CPU.ActiveCfg = Debug|Any CPU
		{47CA4490-73E7-4AFB-A4D5-9C7AD26692BC}.Debug|Any CPU.Build.0 = Debug|Any CPU
		{47CA4490-73E7-4AFB-A4D5-9C7AD26692BC}.Release|Any CPU.ActiveCfg = Release|Any CPU
		{47CA4490-73E7-4AFB-A4D5-9C7AD26692BC}.Release|Any CPU.Build.0 = Release|Any CPU
	EndGlobalSection
	GlobalSection(SolutionProperties) = preSolution
		HideSolutionNode = FALSE
	EndGlobalSection
	GlobalSection(ExtensibilityGlobals) = postSolution
		SolutionGuid = {FF580FF5-80C6-45EE-84A3-F360CB67C282}
	EndGlobalSection
EndGlobal
