
Microsoft Visual Studio Solution File, Format Version 12.00
# Visual Studio Version 16
VisualStudioVersion = 16.0.32228.343
MinimumVisualStudioVersion = 10.0.40219.1
Project("{FAE04EC0-301F-11D3-BF4B-00C04F79EFBC}") = "410. Split Array Largest Sum", "410. Split Array Largest Sum.csproj", "{81023239-9BA0-4E24-A2E9-3DEF86DB6BCD}"
EndProject
Global
	GlobalSection(SolutionConfigurationPlatforms) = preSolution
		Debug|Any CPU = Debug|Any CPU
		Release|Any CPU = Release|Any CPU
	EndGlobalSection
	GlobalSection(ProjectConfigurationPlatforms) = postSolution
		{81023239-9BA0-4E24-A2E9-3DEF86DB6BCD}.Debug|Any CPU.ActiveCfg = Debug|Any CPU
		{81023239-9BA0-4E24-A2E9-3DEF86DB6BCD}.Debug|Any CPU.Build.0 = Debug|Any CPU
		{81023239-9BA0-4E24-A2E9-3DEF86DB6BCD}.Release|Any CPU.ActiveCfg = Release|Any CPU
		{81023239-9BA0-4E24-A2E9-3DEF86DB6BCD}.Release|Any CPU.Build.0 = Release|Any CPU
	EndGlobalSection
	GlobalSection(SolutionProperties) = preSolution
		HideSolutionNode = FALSE
	EndGlobalSection
	GlobalSection(ExtensibilityGlobals) = postSolution
		SolutionGuid = {8A1B6542-325F-4406-8BC2-D7AE5824C990}
	EndGlobalSection
EndGlobal
