
Microsoft Visual Studio Solution File, Format Version 12.00
# Visual Studio Version 16
VisualStudioVersion = 16.0.32228.343
MinimumVisualStudioVersion = 10.0.40219.1
Project("{FAE04EC0-301F-11D3-BF4B-00C04F79EFBC}") = "1209. Remove All Adjacent Duplicates in String II", "1209. Remove All Adjacent Duplicates in String II.csproj", "{4D8558B6-4A8C-4D19-A6D8-A2FB06FD094A}"
EndProject
Global
	GlobalSection(SolutionConfigurationPlatforms) = preSolution
		Debug|Any CPU = Debug|Any CPU
		Release|Any CPU = Release|Any CPU
	EndGlobalSection
	GlobalSection(ProjectConfigurationPlatforms) = postSolution
		{4D8558B6-4A8C-4D19-A6D8-A2FB06FD094A}.Debug|Any CPU.ActiveCfg = Debug|Any CPU
		{4D8558B6-4A8C-4D19-A6D8-A2FB06FD094A}.Debug|Any CPU.Build.0 = Debug|Any CPU
		{4D8558B6-4A8C-4D19-A6D8-A2FB06FD094A}.Release|Any CPU.ActiveCfg = Release|Any CPU
		{4D8558B6-4A8C-4D19-A6D8-A2FB06FD094A}.Release|Any CPU.Build.0 = Release|Any CPU
	EndGlobalSection
	GlobalSection(SolutionProperties) = preSolution
		HideSolutionNode = FALSE
	EndGlobalSection
	GlobalSection(ExtensibilityGlobals) = postSolution
		SolutionGuid = {37626F53-1C49-4D3E-9DFE-DC5FB2D8C35F}
	EndGlobalSection
EndGlobal
