
Microsoft Visual Studio Solution File, Format Version 12.00
# Visual Studio Version 16
VisualStudioVersion = 16.0.31402.337
MinimumVisualStudioVersion = 10.0.40219.1
Project("{FAE04EC0-301F-11D3-BF4B-00C04F79EFBC}") = "1290. Convert Binary Number in a Linked List to Integer", "1290. Convert Binary Number in a Linked List to Integer\1290. Convert Binary Number in a Linked List to Integer.csproj", "{BBAE1C74-E76D-4FF8-A911-52A268A0B4C5}"
EndProject
Global
	GlobalSection(SolutionConfigurationPlatforms) = preSolution
		Debug|Any CPU = Debug|Any CPU
		Release|Any CPU = Release|Any CPU
	EndGlobalSection
	GlobalSection(ProjectConfigurationPlatforms) = postSolution
		{BBAE1C74-E76D-4FF8-A911-52A268A0B4C5}.Debug|Any CPU.ActiveCfg = Debug|Any CPU
		{BBAE1C74-E76D-4FF8-A911-52A268A0B4C5}.Debug|Any CPU.Build.0 = Debug|Any CPU
		{BBAE1C74-E76D-4FF8-A911-52A268A0B4C5}.Release|Any CPU.ActiveCfg = Release|Any CPU
		{BBAE1C74-E76D-4FF8-A911-52A268A0B4C5}.Release|Any CPU.Build.0 = Release|Any CPU
	EndGlobalSection
	GlobalSection(SolutionProperties) = preSolution
		HideSolutionNode = FALSE
	EndGlobalSection
	GlobalSection(ExtensibilityGlobals) = postSolution
		SolutionGuid = {B17D49D8-3A33-479E-8258-DE385C15AC3C}
	EndGlobalSection
EndGlobal
