
Microsoft Visual Studio Solution File, Format Version 12.00
# Visual Studio Version 16
VisualStudioVersion = 16.0.31019.35
MinimumVisualStudioVersion = 10.0.40219.1
Project("{FAE04EC0-301F-11D3-BF4B-00C04F79EFBC}") = "AverageOfLevelsBinaryTree", "AverageOfLevelsBinaryTree\AverageOfLevelsBinaryTree.csproj", "{20291A60-8FE4-4825-92EF-D7FAA781697F}"
EndProject
Global
	GlobalSection(SolutionConfigurationPlatforms) = preSolution
		Debug|Any CPU = Debug|Any CPU
		Release|Any CPU = Release|Any CPU
	EndGlobalSection
	GlobalSection(ProjectConfigurationPlatforms) = postSolution
		{20291A60-8FE4-4825-92EF-D7FAA781697F}.Debug|Any CPU.ActiveCfg = Debug|Any CPU
		{20291A60-8FE4-4825-92EF-D7FAA781697F}.Debug|Any CPU.Build.0 = Debug|Any CPU
		{20291A60-8FE4-4825-92EF-D7FAA781697F}.Release|Any CPU.ActiveCfg = Release|Any CPU
		{20291A60-8FE4-4825-92EF-D7FAA781697F}.Release|Any CPU.Build.0 = Release|Any CPU
	EndGlobalSection
	GlobalSection(SolutionProperties) = preSolution
		HideSolutionNode = FALSE
	EndGlobalSection
	GlobalSection(ExtensibilityGlobals) = postSolution
		SolutionGuid = {43E1B822-853A-4B92-A228-FA8E4CC82C68}
	EndGlobalSection
EndGlobal
