
Microsoft Visual Studio Solution File, Format Version 12.00
# Visual Studio Version 16
VisualStudioVersion = 16.0.32106.194
MinimumVisualStudioVersion = 10.0.40219.1
Project("{FAE04EC0-301F-11D3-BF4B-00C04F79EFBC}") = "946. Validate Stack Sequences", "946. Validate Stack Sequences.csproj", "{86BF0D9B-7090-459F-BEDF-620570552D0C}"
EndProject
Global
	GlobalSection(SolutionConfigurationPlatforms) = preSolution
		Debug|Any CPU = Debug|Any CPU
		Release|Any CPU = Release|Any CPU
	EndGlobalSection
	GlobalSection(ProjectConfigurationPlatforms) = postSolution
		{86BF0D9B-7090-459F-BEDF-620570552D0C}.Debug|Any CPU.ActiveCfg = Debug|Any CPU
		{86BF0D9B-7090-459F-BEDF-620570552D0C}.Debug|Any CPU.Build.0 = Debug|Any CPU
		{86BF0D9B-7090-459F-BEDF-620570552D0C}.Release|Any CPU.ActiveCfg = Release|Any CPU
		{86BF0D9B-7090-459F-BEDF-620570552D0C}.Release|Any CPU.Build.0 = Release|Any CPU
	EndGlobalSection
	GlobalSection(SolutionProperties) = preSolution
		HideSolutionNode = FALSE
	EndGlobalSection
	GlobalSection(ExtensibilityGlobals) = postSolution
		SolutionGuid = {30A1415C-4115-4042-A49D-DC214AAF84FE}
	EndGlobalSection
EndGlobal
