
Microsoft Visual Studio Solution File, Format Version 12.00
# Visual Studio Version 16
VisualStudioVersion = 16.0.31402.337
MinimumVisualStudioVersion = 10.0.40219.1
Project("{FAE04EC0-301F-11D3-BF4B-00C04F79EFBC}") = "337. House Robber III", "337. House Robber III\337. House Robber III.csproj", "{00BE2516-A072-4FAA-A80A-3C6D31793CDE}"
EndProject
Global
	GlobalSection(SolutionConfigurationPlatforms) = preSolution
		Debug|Any CPU = Debug|Any CPU
		Release|Any CPU = Release|Any CPU
	EndGlobalSection
	GlobalSection(ProjectConfigurationPlatforms) = postSolution
		{00BE2516-A072-4FAA-A80A-3C6D31793CDE}.Debug|Any CPU.ActiveCfg = Debug|Any CPU
		{00BE2516-A072-4FAA-A80A-3C6D31793CDE}.Debug|Any CPU.Build.0 = Debug|Any CPU
		{00BE2516-A072-4FAA-A80A-3C6D31793CDE}.Release|Any CPU.ActiveCfg = Release|Any CPU
		{00BE2516-A072-4FAA-A80A-3C6D31793CDE}.Release|Any CPU.Build.0 = Release|Any CPU
	EndGlobalSection
	GlobalSection(SolutionProperties) = preSolution
		HideSolutionNode = FALSE
	EndGlobalSection
	GlobalSection(ExtensibilityGlobals) = postSolution
		SolutionGuid = {4A6D10DE-BD54-470E-AF3B-95944DBE18BD}
	EndGlobalSection
EndGlobal
