
Microsoft Visual Studio Solution File, Format Version 12.00
# Visual Studio Version 16
VisualStudioVersion = 16.0.32106.194
MinimumVisualStudioVersion = 10.0.40219.1
Project("{FAE04EC0-301F-11D3-BF4B-00C04F79EFBC}") = "16. 3Sum Closest", "16. 3Sum Closest.csproj", "{00343DED-B99C-4C81-AABA-967994A52950}"
EndProject
Global
	GlobalSection(SolutionConfigurationPlatforms) = preSolution
		Debug|Any CPU = Debug|Any CPU
		Release|Any CPU = Release|Any CPU
	EndGlobalSection
	GlobalSection(ProjectConfigurationPlatforms) = postSolution
		{00343DED-B99C-4C81-AABA-967994A52950}.Debug|Any CPU.ActiveCfg = Debug|Any CPU
		{00343DED-B99C-4C81-AABA-967994A52950}.Debug|Any CPU.Build.0 = Debug|Any CPU
		{00343DED-B99C-4C81-AABA-967994A52950}.Release|Any CPU.ActiveCfg = Release|Any CPU
		{00343DED-B99C-4C81-AABA-967994A52950}.Release|Any CPU.Build.0 = Release|Any CPU
	EndGlobalSection
	GlobalSection(SolutionProperties) = preSolution
		HideSolutionNode = FALSE
	EndGlobalSection
	GlobalSection(ExtensibilityGlobals) = postSolution
		SolutionGuid = {056EAA5D-5788-4C02-A0FB-610AE8085113}
	EndGlobalSection
EndGlobal
