
Microsoft Visual Studio Solution File, Format Version 12.00
# Visual Studio Version 16
VisualStudioVersion = 16.0.31105.61
MinimumVisualStudioVersion = 10.0.40219.1
Project("{FAE04EC0-301F-11D3-BF4B-00C04F79EFBC}") = "Deepest Leaves Sum", "Deepest Leaves Sum\Deepest Leaves Sum.csproj", "{078883C6-80F7-426A-B7DD-7FB0B39CC9D5}"
EndProject
Global
	GlobalSection(SolutionConfigurationPlatforms) = preSolution
		Debug|Any CPU = Debug|Any CPU
		Release|Any CPU = Release|Any CPU
	EndGlobalSection
	GlobalSection(ProjectConfigurationPlatforms) = postSolution
		{078883C6-80F7-426A-B7DD-7FB0B39CC9D5}.Debug|Any CPU.ActiveCfg = Debug|Any CPU
		{078883C6-80F7-426A-B7DD-7FB0B39CC9D5}.Debug|Any CPU.Build.0 = Debug|Any CPU
		{078883C6-80F7-426A-B7DD-7FB0B39CC9D5}.Release|Any CPU.ActiveCfg = Release|Any CPU
		{078883C6-80F7-426A-B7DD-7FB0B39CC9D5}.Release|Any CPU.Build.0 = Release|Any CPU
	EndGlobalSection
	GlobalSection(SolutionProperties) = preSolution
		HideSolutionNode = FALSE
	EndGlobalSection
	GlobalSection(ExtensibilityGlobals) = postSolution
		SolutionGuid = {8D2C0229-EA9E-46B9-A100-EBB7F14522F3}
	EndGlobalSection
EndGlobal
