
Microsoft Visual Studio Solution File, Format Version 12.00
# Visual Studio Version 16
VisualStudioVersion = 16.0.31105.61
MinimumVisualStudioVersion = 10.0.40219.1
Project("{FAE04EC0-301F-11D3-BF4B-00C04F79EFBC}") = "Non-decreasing Array", "Non-decreasing Array\Non-decreasing Array.csproj", "{78FC142C-561E-4917-9392-4F83C4F36DA2}"
EndProject
Global
	GlobalSection(SolutionConfigurationPlatforms) = preSolution
		Debug|Any CPU = Debug|Any CPU
		Release|Any CPU = Release|Any CPU
	EndGlobalSection
	GlobalSection(ProjectConfigurationPlatforms) = postSolution
		{78FC142C-561E-4917-9392-4F83C4F36DA2}.Debug|Any CPU.ActiveCfg = Debug|Any CPU
		{78FC142C-561E-4917-9392-4F83C4F36DA2}.Debug|Any CPU.Build.0 = Debug|Any CPU
		{78FC142C-561E-4917-9392-4F83C4F36DA2}.Release|Any CPU.ActiveCfg = Release|Any CPU
		{78FC142C-561E-4917-9392-4F83C4F36DA2}.Release|Any CPU.Build.0 = Release|Any CPU
	EndGlobalSection
	GlobalSection(SolutionProperties) = preSolution
		HideSolutionNode = FALSE
	EndGlobalSection
	GlobalSection(ExtensibilityGlobals) = postSolution
		SolutionGuid = {C35C58E3-AB7E-4A3C-B1F2-8D83B7127FC5}
	EndGlobalSection
EndGlobal
