
Microsoft Visual Studio Solution File, Format Version 12.00
# Visual Studio Version 17
VisualStudioVersion = 17.2.32505.173
MinimumVisualStudioVersion = 10.0.40219.1
Project("{FAE04EC0-301F-11D3-BF4B-00C04F79EFBC}") = "47. Permutations II", "47. Permutations II\47. Permutations II.csproj", "{F07B61E2-0CFA-4ACB-BF20-43CD013B0A89}"
EndProject
Global
	GlobalSection(SolutionConfigurationPlatforms) = preSolution
		Debug|Any CPU = Debug|Any CPU
		Release|Any CPU = Release|Any CPU
	EndGlobalSection
	GlobalSection(ProjectConfigurationPlatforms) = postSolution
		{F07B61E2-0CFA-4ACB-BF20-43CD013B0A89}.Debug|Any CPU.ActiveCfg = Debug|Any CPU
		{F07B61E2-0CFA-4ACB-BF20-43CD013B0A89}.Debug|Any CPU.Build.0 = Debug|Any CPU
		{F07B61E2-0CFA-4ACB-BF20-43CD013B0A89}.Release|Any CPU.ActiveCfg = Release|Any CPU
		{F07B61E2-0CFA-4ACB-BF20-43CD013B0A89}.Release|Any CPU.Build.0 = Release|Any CPU
	EndGlobalSection
	GlobalSection(SolutionProperties) = preSolution
		HideSolutionNode = FALSE
	EndGlobalSection
	GlobalSection(ExtensibilityGlobals) = postSolution
		SolutionGuid = {5E99BE15-FB0B-47AD-B7CC-C1E4103DDCE7}
	EndGlobalSection
EndGlobal
