
Microsoft Visual Studio Solution File, Format Version 12.00
# Visual Studio Version 16
VisualStudioVersion = 16.0.31402.337
MinimumVisualStudioVersion = 10.0.40219.1
Project("{FAE04EC0-301F-11D3-BF4B-00C04F79EFBC}") = "1026. Maximum Difference Between Node and Ancestor", "1026. Maximum Difference Between Node and Ancestor.csproj", "{8B73D134-DAE3-47A3-B515-883435C5E6AF}"
EndProject
Global
	GlobalSection(SolutionConfigurationPlatforms) = preSolution
		Debug|Any CPU = Debug|Any CPU
		Release|Any CPU = Release|Any CPU
	EndGlobalSection
	GlobalSection(ProjectConfigurationPlatforms) = postSolution
		{8B73D134-DAE3-47A3-B515-883435C5E6AF}.Debug|Any CPU.ActiveCfg = Debug|Any CPU
		{8B73D134-DAE3-47A3-B515-883435C5E6AF}.Debug|Any CPU.Build.0 = Debug|Any CPU
		{8B73D134-DAE3-47A3-B515-883435C5E6AF}.Release|Any CPU.ActiveCfg = Release|Any CPU
		{8B73D134-DAE3-47A3-B515-883435C5E6AF}.Release|Any CPU.Build.0 = Release|Any CPU
	EndGlobalSection
	GlobalSection(SolutionProperties) = preSolution
		HideSolutionNode = FALSE
	EndGlobalSection
	GlobalSection(ExtensibilityGlobals) = postSolution
		SolutionGuid = {72395275-17CB-4AD9-9530-6FF48730E033}
	EndGlobalSection
EndGlobal
