
Microsoft Visual Studio Solution File, Format Version 12.00
# Visual Studio Version 16
VisualStudioVersion = 16.0.31402.337
MinimumVisualStudioVersion = 10.0.40219.1
Project("{FAE04EC0-301F-11D3-BF4B-00C04F79EFBC}") = "Partition Array into Disjoint Intervals", "Partition Array into Disjoint Intervals\Partition Array into Disjoint Intervals.csproj", "{C1B6637D-456E-420E-B23D-51FB5BC671F0}"
EndProject
Global
	GlobalSection(SolutionConfigurationPlatforms) = preSolution
		Debug|Any CPU = Debug|Any CPU
		Release|Any CPU = Release|Any CPU
	EndGlobalSection
	GlobalSection(ProjectConfigurationPlatforms) = postSolution
		{C1B6637D-456E-420E-B23D-51FB5BC671F0}.Debug|Any CPU.ActiveCfg = Debug|Any CPU
		{C1B6637D-456E-420E-B23D-51FB5BC671F0}.Debug|Any CPU.Build.0 = Debug|Any CPU
		{C1B6637D-456E-420E-B23D-51FB5BC671F0}.Release|Any CPU.ActiveCfg = Release|Any CPU
		{C1B6637D-456E-420E-B23D-51FB5BC671F0}.Release|Any CPU.Build.0 = Release|Any CPU
	EndGlobalSection
	GlobalSection(SolutionProperties) = preSolution
		HideSolutionNode = FALSE
	EndGlobalSection
	GlobalSection(ExtensibilityGlobals) = postSolution
		SolutionGuid = {9DEABD56-76E8-4F4B-A414-5C313BD6405A}
	EndGlobalSection
EndGlobal
