
Microsoft Visual Studio Solution File, Format Version 12.00
# Visual Studio Version 16
VisualStudioVersion = 16.0.31402.337
MinimumVisualStudioVersion = 10.0.40219.1
Project("{FAE04EC0-301F-11D3-BF4B-00C04F79EFBC}") = "1217. Minimum Cost to Move Chips to The Same Position", "1217. Minimum Cost to Move Chips to The Same Position\1217. Minimum Cost to Move Chips to The Same Position.csproj", "{D732ACD9-9AB2-444D-8ECA-F8B4C4DA099F}"
EndProject
Global
	GlobalSection(SolutionConfigurationPlatforms) = preSolution
		Debug|Any CPU = Debug|Any CPU
		Release|Any CPU = Release|Any CPU
	EndGlobalSection
	GlobalSection(ProjectConfigurationPlatforms) = postSolution
		{D732ACD9-9AB2-444D-8ECA-F8B4C4DA099F}.Debug|Any CPU.ActiveCfg = Debug|Any CPU
		{D732ACD9-9AB2-444D-8ECA-F8B4C4DA099F}.Debug|Any CPU.Build.0 = Debug|Any CPU
		{D732ACD9-9AB2-444D-8ECA-F8B4C4DA099F}.Release|Any CPU.ActiveCfg = Release|Any CPU
		{D732ACD9-9AB2-444D-8ECA-F8B4C4DA099F}.Release|Any CPU.Build.0 = Release|Any CPU
	EndGlobalSection
	GlobalSection(SolutionProperties) = preSolution
		HideSolutionNode = FALSE
	EndGlobalSection
	GlobalSection(ExtensibilityGlobals) = postSolution
		SolutionGuid = {E49DF65D-A9F6-4BA7-817C-E41C8474C316}
	EndGlobalSection
EndGlobal
