
Microsoft Visual Studio Solution File, Format Version 12.00
# Visual Studio Version 16
VisualStudioVersion = 16.0.31402.337
MinimumVisualStudioVersion = 10.0.40219.1
Project("{FAE04EC0-301F-11D3-BF4B-00C04F79EFBC}") = "70. Climbing Stairs", "70. Climbing Stairs\70. Climbing Stairs.csproj", "{0E4DE6E0-4806-4A54-AD2C-474642501840}"
EndProject
Global
	GlobalSection(SolutionConfigurationPlatforms) = preSolution
		Debug|Any CPU = Debug|Any CPU
		Release|Any CPU = Release|Any CPU
	EndGlobalSection
	GlobalSection(ProjectConfigurationPlatforms) = postSolution
		{0E4DE6E0-4806-4A54-AD2C-474642501840}.Debug|Any CPU.ActiveCfg = Debug|Any CPU
		{0E4DE6E0-4806-4A54-AD2C-474642501840}.Debug|Any CPU.Build.0 = Debug|Any CPU
		{0E4DE6E0-4806-4A54-AD2C-474642501840}.Release|Any CPU.ActiveCfg = Release|Any CPU
		{0E4DE6E0-4806-4A54-AD2C-474642501840}.Release|Any CPU.Build.0 = Release|Any CPU
	EndGlobalSection
	GlobalSection(SolutionProperties) = preSolution
		HideSolutionNode = FALSE
	EndGlobalSection
	GlobalSection(ExtensibilityGlobals) = postSolution
		SolutionGuid = {A43A1569-8BB6-444D-A454-3DDCF85BBAC4}
	EndGlobalSection
EndGlobal
