
Microsoft Visual Studio Solution File, Format Version 12.00
# Visual Studio Version 16
VisualStudioVersion = 16.0.32106.194
MinimumVisualStudioVersion = 10.0.40219.1
Project("{FAE04EC0-301F-11D3-BF4B-00C04F79EFBC}") = "890. Find and Replace Pattern", "890. Find and Replace Pattern.csproj", "{641B86C6-FE3E-455B-BB8B-9A0D97C02DF7}"
EndProject
Global
	GlobalSection(SolutionConfigurationPlatforms) = preSolution
		Debug|Any CPU = Debug|Any CPU
		Release|Any CPU = Release|Any CPU
	EndGlobalSection
	GlobalSection(ProjectConfigurationPlatforms) = postSolution
		{641B86C6-FE3E-455B-BB8B-9A0D97C02DF7}.Debug|Any CPU.ActiveCfg = Debug|Any CPU
		{641B86C6-FE3E-455B-BB8B-9A0D97C02DF7}.Debug|Any CPU.Build.0 = Debug|Any CPU
		{641B86C6-FE3E-455B-BB8B-9A0D97C02DF7}.Release|Any CPU.ActiveCfg = Release|Any CPU
		{641B86C6-FE3E-455B-BB8B-9A0D97C02DF7}.Release|Any CPU.Build.0 = Release|Any CPU
	EndGlobalSection
	GlobalSection(SolutionProperties) = preSolution
		HideSolutionNode = FALSE
	EndGlobalSection
	GlobalSection(ExtensibilityGlobals) = postSolution
		SolutionGuid = {B67FBD34-D7CA-4F3E-9D79-DED8E9DB0EC8}
	EndGlobalSection
EndGlobal
