
Microsoft Visual Studio Solution File, Format Version 12.00
# Visual Studio Version 16
VisualStudioVersion = 16.0.31105.61
MinimumVisualStudioVersion = 10.0.40219.1
Project("{FAE04EC0-301F-11D3-BF4B-00C04F79EFBC}") = "Inorder Successor in BST", "Inorder Successor in BST\Inorder Successor in BST.csproj", "{499BD115-CEE7-48CB-A94A-E987E2ACA297}"
EndProject
Global
	GlobalSection(SolutionConfigurationPlatforms) = preSolution
		Debug|Any CPU = Debug|Any CPU
		Release|Any CPU = Release|Any CPU
	EndGlobalSection
	GlobalSection(ProjectConfigurationPlatforms) = postSolution
		{499BD115-CEE7-48CB-A94A-E987E2ACA297}.Debug|Any CPU.ActiveCfg = Debug|Any CPU
		{499BD115-CEE7-48CB-A94A-E987E2ACA297}.Debug|Any CPU.Build.0 = Debug|Any CPU
		{499BD115-CEE7-48CB-A94A-E987E2ACA297}.Release|Any CPU.ActiveCfg = Release|Any CPU
		{499BD115-CEE7-48CB-A94A-E987E2ACA297}.Release|Any CPU.Build.0 = Release|Any CPU
	EndGlobalSection
	GlobalSection(SolutionProperties) = preSolution
		HideSolutionNode = FALSE
	EndGlobalSection
	GlobalSection(ExtensibilityGlobals) = postSolution
		SolutionGuid = {CD0D9154-3BEE-46DE-B5C8-617661DDD732}
	EndGlobalSection
EndGlobal
