
Microsoft Visual Studio Solution File, Format Version 12.00
# Visual Studio Version 16
VisualStudioVersion = 16.0.32106.194
MinimumVisualStudioVersion = 10.0.40219.1
Project("{FAE04EC0-301F-11D3-BF4B-00C04F79EFBC}") = "2085. Count Common Words With One Occurrence", "2085. Count Common Words With One Occurrence.csproj", "{5143DBD6-EF44-4E65-93BC-83FFC82E3D00}"
EndProject
Global
	GlobalSection(SolutionConfigurationPlatforms) = preSolution
		Debug|Any CPU = Debug|Any CPU
		Release|Any CPU = Release|Any CPU
	EndGlobalSection
	GlobalSection(ProjectConfigurationPlatforms) = postSolution
		{5143DBD6-EF44-4E65-93BC-83FFC82E3D00}.Debug|Any CPU.ActiveCfg = Debug|Any CPU
		{5143DBD6-EF44-4E65-93BC-83FFC82E3D00}.Debug|Any CPU.Build.0 = Debug|Any CPU
		{5143DBD6-EF44-4E65-93BC-83FFC82E3D00}.Release|Any CPU.ActiveCfg = Release|Any CPU
		{5143DBD6-EF44-4E65-93BC-83FFC82E3D00}.Release|Any CPU.Build.0 = Release|Any CPU
	EndGlobalSection
	GlobalSection(SolutionProperties) = preSolution
		HideSolutionNode = FALSE
	EndGlobalSection
	GlobalSection(ExtensibilityGlobals) = postSolution
		SolutionGuid = {7614A217-147B-4FA1-9ABA-41E7D99CF1DE}
	EndGlobalSection
EndGlobal
