
Microsoft Visual Studio Solution File, Format Version 12.00
# Visual Studio Version 16
VisualStudioVersion = 16.0.32106.194
MinimumVisualStudioVersion = 10.0.40219.1
Project("{FAE04EC0-301F-11D3-BF4B-00C04F79EFBC}") = "1249. Minimum Remove to Make Valid Parentheses", "1249. Minimum Remove to Make Valid Parentheses.csproj", "{09CDE6F6-150B-45D6-94E5-CE649F461DDF}"
EndProject
Global
	GlobalSection(SolutionConfigurationPlatforms) = preSolution
		Debug|Any CPU = Debug|Any CPU
		Release|Any CPU = Release|Any CPU
	EndGlobalSection
	GlobalSection(ProjectConfigurationPlatforms) = postSolution
		{09CDE6F6-150B-45D6-94E5-CE649F461DDF}.Debug|Any CPU.ActiveCfg = Debug|Any CPU
		{09CDE6F6-150B-45D6-94E5-CE649F461DDF}.Debug|Any CPU.Build.0 = Debug|Any CPU
		{09CDE6F6-150B-45D6-94E5-CE649F461DDF}.Release|Any CPU.ActiveCfg = Release|Any CPU
		{09CDE6F6-150B-45D6-94E5-CE649F461DDF}.Release|Any CPU.Build.0 = Release|Any CPU
	EndGlobalSection
	GlobalSection(SolutionProperties) = preSolution
		HideSolutionNode = FALSE
	EndGlobalSection
	GlobalSection(ExtensibilityGlobals) = postSolution
		SolutionGuid = {077B8340-B7E9-4055-A494-D2780B68CF49}
	EndGlobalSection
EndGlobal
