
Microsoft Visual Studio Solution File, Format Version 12.00
# Visual Studio Version 17
VisualStudioVersion = 17.2.32526.322
MinimumVisualStudioVersion = 10.0.40219.1
Project("{FAE04EC0-301F-11D3-BF4B-00C04F79EFBC}") = "135. Candy", "135. Candy.csproj", "{8BAE4ED3-453F-4916-9154-C53B73666590}"
EndProject
Global
	GlobalSection(SolutionConfigurationPlatforms) = preSolution
		Debug|Any CPU = Debug|Any CPU
		Release|Any CPU = Release|Any CPU
	EndGlobalSection
	GlobalSection(ProjectConfigurationPlatforms) = postSolution
		{8BAE4ED3-453F-4916-9154-C53B73666590}.Debug|Any CPU.ActiveCfg = Debug|Any CPU
		{8BAE4ED3-453F-4916-9154-C53B73666590}.Debug|Any CPU.Build.0 = Debug|Any CPU
		{8BAE4ED3-453F-4916-9154-C53B73666590}.Release|Any CPU.ActiveCfg = Release|Any CPU
		{8BAE4ED3-453F-4916-9154-C53B73666590}.Release|Any CPU.Build.0 = Release|Any CPU
	EndGlobalSection
	GlobalSection(SolutionProperties) = preSolution
		HideSolutionNode = FALSE
	EndGlobalSection
	GlobalSection(ExtensibilityGlobals) = postSolution
		SolutionGuid = {CE81194A-842E-4767-AE61-DEB786C73B7B}
	EndGlobalSection
EndGlobal
