
Microsoft Visual Studio Solution File, Format Version 12.00
# Visual Studio Version 16
VisualStudioVersion = 16.0.32106.194
MinimumVisualStudioVersion = 10.0.40219.1
Project("{FAE04EC0-301F-11D3-BF4B-00C04F79EFBC}") = "1104. Path In Zigzag Labelled Binary Tree", "1104. Path In Zigzag Labelled Binary Tree.csproj", "{B99775EF-3186-4321-8D0C-6061698DF205}"
EndProject
Global
	GlobalSection(SolutionConfigurationPlatforms) = preSolution
		Debug|Any CPU = Debug|Any CPU
		Release|Any CPU = Release|Any CPU
	EndGlobalSection
	GlobalSection(ProjectConfigurationPlatforms) = postSolution
		{B99775EF-3186-4321-8D0C-6061698DF205}.Debug|Any CPU.ActiveCfg = Debug|Any CPU
		{B99775EF-3186-4321-8D0C-6061698DF205}.Debug|Any CPU.Build.0 = Debug|Any CPU
		{B99775EF-3186-4321-8D0C-6061698DF205}.Release|Any CPU.ActiveCfg = Release|Any CPU
		{B99775EF-3186-4321-8D0C-6061698DF205}.Release|Any CPU.Build.0 = Release|Any CPU
	EndGlobalSection
	GlobalSection(SolutionProperties) = preSolution
		HideSolutionNode = FALSE
	EndGlobalSection
	GlobalSection(ExtensibilityGlobals) = postSolution
		SolutionGuid = {D77D8D0D-BA7C-4EC1-8FF9-E6ECC0364275}
	EndGlobalSection
EndGlobal
