
Microsoft Visual Studio Solution File, Format Version 12.00
# Visual Studio Version 16
VisualStudioVersion = 16.0.31402.337
MinimumVisualStudioVersion = 10.0.40219.1
Project("{FAE04EC0-301F-11D3-BF4B-00C04F79EFBC}") = "1510. Stone Game IV", "1510. Stone Game IV.csproj", "{DEEF7230-D8E8-4AF4-9FD5-F2C2B0FF84F8}"
EndProject
Global
	GlobalSection(SolutionConfigurationPlatforms) = preSolution
		Debug|Any CPU = Debug|Any CPU
		Release|Any CPU = Release|Any CPU
	EndGlobalSection
	GlobalSection(ProjectConfigurationPlatforms) = postSolution
		{DEEF7230-D8E8-4AF4-9FD5-F2C2B0FF84F8}.Debug|Any CPU.ActiveCfg = Debug|Any CPU
		{DEEF7230-D8E8-4AF4-9FD5-F2C2B0FF84F8}.Debug|Any CPU.Build.0 = Debug|Any CPU
		{DEEF7230-D8E8-4AF4-9FD5-F2C2B0FF84F8}.Release|Any CPU.ActiveCfg = Release|Any CPU
		{DEEF7230-D8E8-4AF4-9FD5-F2C2B0FF84F8}.Release|Any CPU.Build.0 = Release|Any CPU
	EndGlobalSection
	GlobalSection(SolutionProperties) = preSolution
		HideSolutionNode = FALSE
	EndGlobalSection
	GlobalSection(ExtensibilityGlobals) = postSolution
		SolutionGuid = {804EEA32-B0AE-46F4-8CF6-9B9355C4FC47}
	EndGlobalSection
EndGlobal
