
Microsoft Visual Studio Solution File, Format Version 12.00
# Visual Studio Version 16
VisualStudioVersion = 16.0.32228.343
MinimumVisualStudioVersion = 10.0.40219.1
Project("{FAE04EC0-301F-11D3-BF4B-00C04F79EFBC}") = "74. Search a 2D Matrix", "74. Search a 2D Matrix.csproj", "{8CF367CF-CA2C-4FA2-BA1D-42292646A9D4}"
EndProject
Global
	GlobalSection(SolutionConfigurationPlatforms) = preSolution
		Debug|Any CPU = Debug|Any CPU
		Release|Any CPU = Release|Any CPU
	EndGlobalSection
	GlobalSection(ProjectConfigurationPlatforms) = postSolution
		{8CF367CF-CA2C-4FA2-BA1D-42292646A9D4}.Debug|Any CPU.ActiveCfg = Debug|Any CPU
		{8CF367CF-CA2C-4FA2-BA1D-42292646A9D4}.Debug|Any CPU.Build.0 = Debug|Any CPU
		{8CF367CF-CA2C-4FA2-BA1D-42292646A9D4}.Release|Any CPU.ActiveCfg = Release|Any CPU
		{8CF367CF-CA2C-4FA2-BA1D-42292646A9D4}.Release|Any CPU.Build.0 = Release|Any CPU
	EndGlobalSection
	GlobalSection(SolutionProperties) = preSolution
		HideSolutionNode = FALSE
	EndGlobalSection
	GlobalSection(ExtensibilityGlobals) = postSolution
		SolutionGuid = {FBC0DF6D-3F9B-4D5B-9ED9-80639302ECE9}
	EndGlobalSection
EndGlobal
