
Microsoft Visual Studio Solution File, Format Version 12.00
# Visual Studio Version 16
VisualStudioVersion = 16.0.31402.337
MinimumVisualStudioVersion = 10.0.40219.1
Project("{FAE04EC0-301F-11D3-BF4B-00C04F79EFBC}") = "Reverse Linked List", "Reverse Linked List\Reverse Linked List.csproj", "{3268C46D-D685-4131-823D-DE7471C39760}"
EndProject
Global
	GlobalSection(SolutionConfigurationPlatforms) = preSolution
		Debug|Any CPU = Debug|Any CPU
		Release|Any CPU = Release|Any CPU
	EndGlobalSection
	GlobalSection(ProjectConfigurationPlatforms) = postSolution
		{3268C46D-D685-4131-823D-DE7471C39760}.Debug|Any CPU.ActiveCfg = Debug|Any CPU
		{3268C46D-D685-4131-823D-DE7471C39760}.Debug|Any CPU.Build.0 = Debug|Any CPU
		{3268C46D-D685-4131-823D-DE7471C39760}.Release|Any CPU.ActiveCfg = Release|Any CPU
		{3268C46D-D685-4131-823D-DE7471C39760}.Release|Any CPU.Build.0 = Release|Any CPU
	EndGlobalSection
	GlobalSection(SolutionProperties) = preSolution
		HideSolutionNode = FALSE
	EndGlobalSection
	GlobalSection(ExtensibilityGlobals) = postSolution
		SolutionGuid = {B72B3EDC-2D02-43D4-A551-EBC982717DB7}
	EndGlobalSection
EndGlobal
