
Microsoft Visual Studio Solution File, Format Version 12.00
# Visual Studio Version 16
VisualStudioVersion = 16.0.32106.194
MinimumVisualStudioVersion = 10.0.40219.1
Project("{FAE04EC0-301F-11D3-BF4B-00C04F79EFBC}") = "1337. The K Weakest Rows in a Matrix", "1337. The K Weakest Rows in a Matrix.csproj", "{A0F861D5-7049-454C-96E0-0193B0152188}"
EndProject
Global
	GlobalSection(SolutionConfigurationPlatforms) = preSolution
		Debug|Any CPU = Debug|Any CPU
		Release|Any CPU = Release|Any CPU
	EndGlobalSection
	GlobalSection(ProjectConfigurationPlatforms) = postSolution
		{A0F861D5-7049-454C-96E0-0193B0152188}.Debug|Any CPU.ActiveCfg = Debug|Any CPU
		{A0F861D5-7049-454C-96E0-0193B0152188}.Debug|Any CPU.Build.0 = Debug|Any CPU
		{A0F861D5-7049-454C-96E0-0193B0152188}.Release|Any CPU.ActiveCfg = Release|Any CPU
		{A0F861D5-7049-454C-96E0-0193B0152188}.Release|Any CPU.Build.0 = Release|Any CPU
	EndGlobalSection
	GlobalSection(SolutionProperties) = preSolution
		HideSolutionNode = FALSE
	EndGlobalSection
	GlobalSection(ExtensibilityGlobals) = postSolution
		SolutionGuid = {62EA6ACC-FC65-4A1D-AE76-00DCAA11BE14}
	EndGlobalSection
EndGlobal
