
Microsoft Visual Studio Solution File, Format Version 12.00
# Visual Studio Version 16
VisualStudioVersion = 16.0.31402.337
MinimumVisualStudioVersion = 10.0.40219.1
Project("{FAE04EC0-301F-11D3-BF4B-00C04F79EFBC}") = "1561. Maximum Number of Coins You Can Get", "1561. Maximum Number of Coins You Can Get.csproj", "{87AF430A-BE9C-4E51-9DBA-BF5206B306F4}"
EndProject
Global
	GlobalSection(SolutionConfigurationPlatforms) = preSolution
		Debug|Any CPU = Debug|Any CPU
		Release|Any CPU = Release|Any CPU
	EndGlobalSection
	GlobalSection(ProjectConfigurationPlatforms) = postSolution
		{87AF430A-BE9C-4E51-9DBA-BF5206B306F4}.Debug|Any CPU.ActiveCfg = Debug|Any CPU
		{87AF430A-BE9C-4E51-9DBA-BF5206B306F4}.Debug|Any CPU.Build.0 = Debug|Any CPU
		{87AF430A-BE9C-4E51-9DBA-BF5206B306F4}.Release|Any CPU.ActiveCfg = Release|Any CPU
		{87AF430A-BE9C-4E51-9DBA-BF5206B306F4}.Release|Any CPU.Build.0 = Release|Any CPU
	EndGlobalSection
	GlobalSection(SolutionProperties) = preSolution
		HideSolutionNode = FALSE
	EndGlobalSection
	GlobalSection(ExtensibilityGlobals) = postSolution
		SolutionGuid = {AA36E191-2620-412F-AB14-1A0E2D3EEEBB}
	EndGlobalSection
EndGlobal
