
Microsoft Visual Studio Solution File, Format Version 12.00
# Visual Studio Version 16
VisualStudioVersion = 16.0.32106.194
MinimumVisualStudioVersion = 10.0.40219.1
Project("{FAE04EC0-301F-11D3-BF4B-00C04F79EFBC}") = "20. Valid Parentheses", "20. Valid Parentheses.csproj", "{5FF86626-0CD2-42F9-B0D9-36E6191E97D1}"
EndProject
Global
	GlobalSection(SolutionConfigurationPlatforms) = preSolution
		Debug|Any CPU = Debug|Any CPU
		Release|Any CPU = Release|Any CPU
	EndGlobalSection
	GlobalSection(ProjectConfigurationPlatforms) = postSolution
		{5FF86626-0CD2-42F9-B0D9-36E6191E97D1}.Debug|Any CPU.ActiveCfg = Debug|Any CPU
		{5FF86626-0CD2-42F9-B0D9-36E6191E97D1}.Debug|Any CPU.Build.0 = Debug|Any CPU
		{5FF86626-0CD2-42F9-B0D9-36E6191E97D1}.Release|Any CPU.ActiveCfg = Release|Any CPU
		{5FF86626-0CD2-42F9-B0D9-36E6191E97D1}.Release|Any CPU.Build.0 = Release|Any CPU
	EndGlobalSection
	GlobalSection(SolutionProperties) = preSolution
		HideSolutionNode = FALSE
	EndGlobalSection
	GlobalSection(ExtensibilityGlobals) = postSolution
		SolutionGuid = {82540321-CED5-42B6-8550-BB80E527E3A2}
	EndGlobalSection
EndGlobal
