
Microsoft Visual Studio Solution File, Format Version 12.00
# Visual Studio Version 16
VisualStudioVersion = 16.0.31105.61
MinimumVisualStudioVersion = 10.0.40219.1
Project("{FAE04EC0-301F-11D3-BF4B-00C04F79EFBC}") = "Maximum Points You Can Obtain from Cards", "Maximum Points You Can Obtain from Cards\Maximum Points You Can Obtain from Cards.csproj", "{B7EA9FC1-3E27-4EB3-9DA9-5872DE40231A}"
EndProject
Global
	GlobalSection(SolutionConfigurationPlatforms) = preSolution
		Debug|Any CPU = Debug|Any CPU
		Release|Any CPU = Release|Any CPU
	EndGlobalSection
	GlobalSection(ProjectConfigurationPlatforms) = postSolution
		{B7EA9FC1-3E27-4EB3-9DA9-5872DE40231A}.Debug|Any CPU.ActiveCfg = Debug|Any CPU
		{B7EA9FC1-3E27-4EB3-9DA9-5872DE40231A}.Debug|Any CPU.Build.0 = Debug|Any CPU
		{B7EA9FC1-3E27-4EB3-9DA9-5872DE40231A}.Release|Any CPU.ActiveCfg = Release|Any CPU
		{B7EA9FC1-3E27-4EB3-9DA9-5872DE40231A}.Release|Any CPU.Build.0 = Release|Any CPU
	EndGlobalSection
	GlobalSection(SolutionProperties) = preSolution
		HideSolutionNode = FALSE
	EndGlobalSection
	GlobalSection(ExtensibilityGlobals) = postSolution
		SolutionGuid = {8864F526-EAF8-4C4A-8BD8-B20220DB9512}
	EndGlobalSection
EndGlobal
