
Microsoft Visual Studio Solution File, Format Version 12.00
# Visual Studio Version 16
VisualStudioVersion = 16.0.31402.337
MinimumVisualStudioVersion = 10.0.40219.1
Project("{FAE04EC0-301F-11D3-BF4B-00C04F79EFBC}") = "1345. Jump Game IV", "1345. Jump Game IV.csproj", "{F077167A-8A8C-438B-A199-E3558DF30378}"
EndProject
Global
	GlobalSection(SolutionConfigurationPlatforms) = preSolution
		Debug|Any CPU = Debug|Any CPU
		Release|Any CPU = Release|Any CPU
	EndGlobalSection
	GlobalSection(ProjectConfigurationPlatforms) = postSolution
		{F077167A-8A8C-438B-A199-E3558DF30378}.Debug|Any CPU.ActiveCfg = Debug|Any CPU
		{F077167A-8A8C-438B-A199-E3558DF30378}.Debug|Any CPU.Build.0 = Debug|Any CPU
		{F077167A-8A8C-438B-A199-E3558DF30378}.Release|Any CPU.ActiveCfg = Release|Any CPU
		{F077167A-8A8C-438B-A199-E3558DF30378}.Release|Any CPU.Build.0 = Release|Any CPU
	EndGlobalSection
	GlobalSection(SolutionProperties) = preSolution
		HideSolutionNode = FALSE
	EndGlobalSection
	GlobalSection(ExtensibilityGlobals) = postSolution
		SolutionGuid = {075CF5C2-6DC2-46CA-ADEC-08D20B351D0C}
	EndGlobalSection
EndGlobal
