
Microsoft Visual Studio Solution File, Format Version 12.00
# Visual Studio Version 17
VisualStudioVersion = 17.4.33110.190
MinimumVisualStudioVersion = 10.0.40219.1
Project("{FAE04EC0-301F-11D3-BF4B-00C04F79EFBC}") = "989. Add to Array-Form of Integer", "989. Add to Array-Form of Integer.csproj", "{6CCD9DEF-EE4B-4AD2-9BBD-F9AC15A1AD8F}"
EndProject
Global
	GlobalSection(SolutionConfigurationPlatforms) = preSolution
		Debug|Any CPU = Debug|Any CPU
		Release|Any CPU = Release|Any CPU
	EndGlobalSection
	GlobalSection(ProjectConfigurationPlatforms) = postSolution
		{6CCD9DEF-EE4B-4AD2-9BBD-F9AC15A1AD8F}.Debug|Any CPU.ActiveCfg = Debug|Any CPU
		{6CCD9DEF-EE4B-4AD2-9BBD-F9AC15A1AD8F}.Debug|Any CPU.Build.0 = Debug|Any CPU
		{6CCD9DEF-EE4B-4AD2-9BBD-F9AC15A1AD8F}.Release|Any CPU.ActiveCfg = Release|Any CPU
		{6CCD9DEF-EE4B-4AD2-9BBD-F9AC15A1AD8F}.Release|Any CPU.Build.0 = Release|Any CPU
	EndGlobalSection
	GlobalSection(SolutionProperties) = preSolution
		HideSolutionNode = FALSE
	EndGlobalSection
	GlobalSection(ExtensibilityGlobals) = postSolution
		SolutionGuid = {CF5AA1D6-6934-48C4-B673-5EE84CFF20E6}
	EndGlobalSection
EndGlobal
