
Microsoft Visual Studio Solution File, Format Version 12.00
# Visual Studio Version 16
VisualStudioVersion = 16.0.31402.337
MinimumVisualStudioVersion = 10.0.40219.1
Project("{FAE04EC0-301F-11D3-BF4B-00C04F79EFBC}") = "121. Best Time to Buy and Sell Stock", "121. Best Time to Buy and Sell Stock.csproj", "{0DA4FA94-0D08-4254-8B3D-4C14F6AC7935}"
EndProject
Global
	GlobalSection(SolutionConfigurationPlatforms) = preSolution
		Debug|Any CPU = Debug|Any CPU
		Release|Any CPU = Release|Any CPU
	EndGlobalSection
	GlobalSection(ProjectConfigurationPlatforms) = postSolution
		{0DA4FA94-0D08-4254-8B3D-4C14F6AC7935}.Debug|Any CPU.ActiveCfg = Debug|Any CPU
		{0DA4FA94-0D08-4254-8B3D-4C14F6AC7935}.Debug|Any CPU.Build.0 = Debug|Any CPU
		{0DA4FA94-0D08-4254-8B3D-4C14F6AC7935}.Release|Any CPU.ActiveCfg = Release|Any CPU
		{0DA4FA94-0D08-4254-8B3D-4C14F6AC7935}.Release|Any CPU.Build.0 = Release|Any CPU
	EndGlobalSection
	GlobalSection(SolutionProperties) = preSolution
		HideSolutionNode = FALSE
	EndGlobalSection
	GlobalSection(ExtensibilityGlobals) = postSolution
		SolutionGuid = {F93E1ADC-31BB-4D49-AAD2-79F17E63EC82}
	EndGlobalSection
EndGlobal
