
Microsoft Visual Studio Solution File, Format Version 12.00
# Visual Studio Version 16
VisualStudioVersion = 16.0.31402.337
MinimumVisualStudioVersion = 10.0.40219.1
Project("{FAE04EC0-301F-11D3-BF4B-00C04F79EFBC}") = "56. Merge Intervals", "56. Merge Intervals\56. Merge Intervals.csproj", "{D8252FC0-95F4-40E9-9CAD-A7CE171EDFEF}"
EndProject
Global
	GlobalSection(SolutionConfigurationPlatforms) = preSolution
		Debug|Any CPU = Debug|Any CPU
		Release|Any CPU = Release|Any CPU
	EndGlobalSection
	GlobalSection(ProjectConfigurationPlatforms) = postSolution
		{D8252FC0-95F4-40E9-9CAD-A7CE171EDFEF}.Debug|Any CPU.ActiveCfg = Debug|Any CPU
		{D8252FC0-95F4-40E9-9CAD-A7CE171EDFEF}.Debug|Any CPU.Build.0 = Debug|Any CPU
		{D8252FC0-95F4-40E9-9CAD-A7CE171EDFEF}.Release|Any CPU.ActiveCfg = Release|Any CPU
		{D8252FC0-95F4-40E9-9CAD-A7CE171EDFEF}.Release|Any CPU.Build.0 = Release|Any CPU
	EndGlobalSection
	GlobalSection(SolutionProperties) = preSolution
		HideSolutionNode = FALSE
	EndGlobalSection
	GlobalSection(ExtensibilityGlobals) = postSolution
		SolutionGuid = {0C52A4B6-94F4-4AC2-ABF6-C7E9D3AAA187}
	EndGlobalSection
EndGlobal
