
Microsoft Visual Studio Solution File, Format Version 12.00
# Visual Studio Version 16
VisualStudioVersion = 16.0.31402.337
MinimumVisualStudioVersion = 10.0.40219.1
Project("{FAE04EC0-301F-11D3-BF4B-00C04F79EFBC}") = "Binary Tree Pruning", "Binary Tree Pruning\Binary Tree Pruning.csproj", "{E52C7C8C-7C22-44F1-A697-9DB0CD00E441}"
EndProject
Global
	GlobalSection(SolutionConfigurationPlatforms) = preSolution
		Debug|Any CPU = Debug|Any CPU
		Release|Any CPU = Release|Any CPU
	EndGlobalSection
	GlobalSection(ProjectConfigurationPlatforms) = postSolution
		{E52C7C8C-7C22-44F1-A697-9DB0CD00E441}.Debug|Any CPU.ActiveCfg = Debug|Any CPU
		{E52C7C8C-7C22-44F1-A697-9DB0CD00E441}.Debug|Any CPU.Build.0 = Debug|Any CPU
		{E52C7C8C-7C22-44F1-A697-9DB0CD00E441}.Release|Any CPU.ActiveCfg = Release|Any CPU
		{E52C7C8C-7C22-44F1-A697-9DB0CD00E441}.Release|Any CPU.Build.0 = Release|Any CPU
	EndGlobalSection
	GlobalSection(SolutionProperties) = preSolution
		HideSolutionNode = FALSE
	EndGlobalSection
	GlobalSection(ExtensibilityGlobals) = postSolution
		SolutionGuid = {96F544CD-0B8A-4AD1-91E9-958DFF8E82EB}
	EndGlobalSection
EndGlobal
