
Microsoft Visual Studio Solution File, Format Version 12.00
# Visual Studio Version 17
VisualStudioVersion = 17.4.33403.182
MinimumVisualStudioVersion = 10.0.40219.1
Project("{FAE04EC0-301F-11D3-BF4B-00C04F79EFBC}") = "2348. Number of Zero-Filled Subarrays", "2348. Number of Zero-Filled Subarrays.csproj", "{745CECFB-1612-4F82-BD5F-D3FB7D7BE67E}"
EndProject
Global
	GlobalSection(SolutionConfigurationPlatforms) = preSolution
		Debug|Any CPU = Debug|Any CPU
		Release|Any CPU = Release|Any CPU
	EndGlobalSection
	GlobalSection(ProjectConfigurationPlatforms) = postSolution
		{745CECFB-1612-4F82-BD5F-D3FB7D7BE67E}.Debug|Any CPU.ActiveCfg = Debug|Any CPU
		{745CECFB-1612-4F82-BD5F-D3FB7D7BE67E}.Debug|Any CPU.Build.0 = Debug|Any CPU
		{745CECFB-1612-4F82-BD5F-D3FB7D7BE67E}.Release|Any CPU.ActiveCfg = Release|Any CPU
		{745CECFB-1612-4F82-BD5F-D3FB7D7BE67E}.Release|Any CPU.Build.0 = Release|Any CPU
	EndGlobalSection
	GlobalSection(SolutionProperties) = preSolution
		HideSolutionNode = FALSE
	EndGlobalSection
	GlobalSection(ExtensibilityGlobals) = postSolution
		SolutionGuid = {F80A661F-163A-4F75-BFF7-168364FB6903}
	EndGlobalSection
EndGlobal
