
Microsoft Visual Studio Solution File, Format Version 12.00
# Visual Studio Version 16
VisualStudioVersion = 16.0.32106.194
MinimumVisualStudioVersion = 10.0.40219.1
Project("{FAE04EC0-301F-11D3-BF4B-00C04F79EFBC}") = "234. Palindrome Linked List", "234. Palindrome Linked List.csproj", "{0C37EAD7-D252-4DF4-8346-A63F5F257F16}"
EndProject
Global
	GlobalSection(SolutionConfigurationPlatforms) = preSolution
		Debug|Any CPU = Debug|Any CPU
		Release|Any CPU = Release|Any CPU
	EndGlobalSection
	GlobalSection(ProjectConfigurationPlatforms) = postSolution
		{0C37EAD7-D252-4DF4-8346-A63F5F257F16}.Debug|Any CPU.ActiveCfg = Debug|Any CPU
		{0C37EAD7-D252-4DF4-8346-A63F5F257F16}.Debug|Any CPU.Build.0 = Debug|Any CPU
		{0C37EAD7-D252-4DF4-8346-A63F5F257F16}.Release|Any CPU.ActiveCfg = Release|Any CPU
		{0C37EAD7-D252-4DF4-8346-A63F5F257F16}.Release|Any CPU.Build.0 = Release|Any CPU
	EndGlobalSection
	GlobalSection(SolutionProperties) = preSolution
		HideSolutionNode = FALSE
	EndGlobalSection
	GlobalSection(ExtensibilityGlobals) = postSolution
		SolutionGuid = {4E3F6311-85EF-4340-AA07-2E13A20DD1E4}
	EndGlobalSection
EndGlobal
