
Microsoft Visual Studio Solution File, Format Version 12.00
# Visual Studio Version 16
VisualStudioVersion = 16.0.31402.337
MinimumVisualStudioVersion = 10.0.40219.1
Project("{FAE04EC0-301F-11D3-BF4B-00C04F79EFBC}") = "1291. Sequential Digits", "1291. Sequential Digits.csproj", "{6C552159-01FF-4B77-9299-BA3EA089D9D8}"
EndProject
Global
	GlobalSection(SolutionConfigurationPlatforms) = preSolution
		Debug|Any CPU = Debug|Any CPU
		Release|Any CPU = Release|Any CPU
	EndGlobalSection
	GlobalSection(ProjectConfigurationPlatforms) = postSolution
		{6C552159-01FF-4B77-9299-BA3EA089D9D8}.Debug|Any CPU.ActiveCfg = Debug|Any CPU
		{6C552159-01FF-4B77-9299-BA3EA089D9D8}.Debug|Any CPU.Build.0 = Debug|Any CPU
		{6C552159-01FF-4B77-9299-BA3EA089D9D8}.Release|Any CPU.ActiveCfg = Release|Any CPU
		{6C552159-01FF-4B77-9299-BA3EA089D9D8}.Release|Any CPU.Build.0 = Release|Any CPU
	EndGlobalSection
	GlobalSection(SolutionProperties) = preSolution
		HideSolutionNode = FALSE
	EndGlobalSection
	GlobalSection(ExtensibilityGlobals) = postSolution
		SolutionGuid = {4A954D56-4A58-4637-971F-49CBE5FAB126}
	EndGlobalSection
EndGlobal
